
Microsoft Visual Studio Solution File, Format Version 12.00
# Visual Studio Version 17
VisualStudioVersion = 17.1.32421.90
MinimumVisualStudioVersion = 10.0.40219.1
Project("{888888A0-9F3D-457C-B088-3A5042F75D52}") = "Gun", "Gun\Gun.pyproj", "{C5CB2108-1868-4202-B181-52D11BBE8201}"
EndProject
Global
	GlobalSection(SolutionConfigurationPlatforms) = preSolution
		Debug|Any CPU = Debug|Any CPU
		Release|Any CPU = Release|Any CPU
	EndGlobalSection
	GlobalSection(ProjectConfigurationPlatforms) = postSolution
		{C5CB2108-1868-4202-B181-52D11BBE8201}.Debug|Any CPU.ActiveCfg = Debug|Any CPU
		{C5CB2108-1868-4202-B181-52D11BBE8201}.Release|Any CPU.ActiveCfg = Release|Any CPU
	EndGlobalSection
	GlobalSection(SolutionProperties) = preSolution
		HideSolutionNode = FALSE
	EndGlobalSection
	GlobalSection(ExtensibilityGlobals) = postSolution
		SolutionGuid = {E39DC1EC-9F1A-44E1-9343-9394711F1D32}
	EndGlobalSection
EndGlobal
